// !$*UTF8*$!
{
	archiveVersion = 1;
	classes = {
	};
	objectVersion = 55;
	objects = {

/* Begin PBXBuildFile section */
		7549F77D282242FA009E51CB /* Color.swift in Sources */ = {isa = PBXBuildFile; fileRef = 7549F77C282242FA009E51CB /* Color.swift */; };
		756FE706282441C100F04C80 /* ModalTab.swift in Sources */ = {isa = PBXBuildFile; fileRef = 756FE705282441C100F04C80 /* ModalTab.swift */; };
		756FE70D2824974A00F04C80 /* wineMarket.json in Resources */ = {isa = PBXBuildFile; fileRef = 756FE70C2824974A00F04C80 /* wineMarket.json */; };
		756FE70F2824978D00F04C80 /* Wines.swift in Sources */ = {isa = PBXBuildFile; fileRef = 756FE70E2824978D00F04C80 /* Wines.swift */; };
		756FE71128249ADB00F04C80 /* ModelData.swift in Sources */ = {isa = PBXBuildFile; fileRef = 756FE71028249ADB00F04C80 /* ModelData.swift */; };
		75994BC2281BABD400E864E6 /* WinePlusApp.swift in Sources */ = {isa = PBXBuildFile; fileRef = 75994BC1281BABD400E864E6 /* WinePlusApp.swift */; };
		75994BC4281BABD400E864E6 /* ContentView.swift in Sources */ = {isa = PBXBuildFile; fileRef = 75994BC3281BABD400E864E6 /* ContentView.swift */; };
		75994BC6281BABD500E864E6 /* Assets.xcassets in Resources */ = {isa = PBXBuildFile; fileRef = 75994BC5281BABD500E864E6 /* Assets.xcassets */; };
		75994BC9281BABD500E864E6 /* Preview Assets.xcassets in Resources */ = {isa = PBXBuildFile; fileRef = 75994BC8281BABD500E864E6 /* Preview Assets.xcassets */; };
		75994BD3281BABD500E864E6 /* WinePlusTests.swift in Sources */ = {isa = PBXBuildFile; fileRef = 75994BD2281BABD500E864E6 /* WinePlusTests.swift */; };
		75994BDD281BABD500E864E6 /* WinePlusUITests.swift in Sources */ = {isa = PBXBuildFile; fileRef = 75994BDC281BABD500E864E6 /* WinePlusUITests.swift */; };
		75994BDF281BABD500E864E6 /* WinePlusUITestsLaunchTests.swift in Sources */ = {isa = PBXBuildFile; fileRef = 75994BDE281BABD500E864E6 /* WinePlusUITestsLaunchTests.swift */; };
		75994BEE281FA61100E864E6 /* Colors.xcassets in Resources */ = {isa = PBXBuildFile; fileRef = 75994BED281FA61100E864E6 /* Colors.xcassets */; };
		75994C0E281FB92000E864E6 /* CaramelandVanilla.ttf in Resources */ = {isa = PBXBuildFile; fileRef = 75994C0D281FB91F00E864E6 /* CaramelandVanilla.ttf */; };
		75994C0F281FB92000E864E6 /* CaramelandVanilla.ttf in Resources */ = {isa = PBXBuildFile; fileRef = 75994C0D281FB91F00E864E6 /* CaramelandVanilla.ttf */; };
		75994C10281FB92000E864E6 /* CaramelandVanilla.ttf in Resources */ = {isa = PBXBuildFile; fileRef = 75994C0D281FB91F00E864E6 /* CaramelandVanilla.ttf */; };
		75994C12281FCB4B00E864E6 /* MainAssets.swift in Sources */ = {isa = PBXBuildFile; fileRef = 75994C11281FCB4B00E864E6 /* MainAssets.swift */; };
		75994C13281FCB4B00E864E6 /* MainAssets.swift in Sources */ = {isa = PBXBuildFile; fileRef = 75994C11281FCB4B00E864E6 /* MainAssets.swift */; };
		75994C14281FCB4B00E864E6 /* MainAssets.swift in Sources */ = {isa = PBXBuildFile; fileRef = 75994C11281FCB4B00E864E6 /* MainAssets.swift */; };
		75994C1B2820CE6D00E864E6 /* MADECoachellaLight.otf in Resources */ = {isa = PBXBuildFile; fileRef = 75994C152820CE6C00E864E6 /* MADECoachellaLight.otf */; };
		75994C1C2820CE6D00E864E6 /* MADECoachellaLight.otf in Resources */ = {isa = PBXBuildFile; fileRef = 75994C152820CE6C00E864E6 /* MADECoachellaLight.otf */; };
		75994C1D2820CE6D00E864E6 /* MADECoachellaLight.otf in Resources */ = {isa = PBXBuildFile; fileRef = 75994C152820CE6C00E864E6 /* MADECoachellaLight.otf */; };
		75994C1E2820CE6D00E864E6 /* MADECoachellaBold.otf in Resources */ = {isa = PBXBuildFile; fileRef = 75994C162820CE6D00E864E6 /* MADECoachellaBold.otf */; };
		75994C1F2820CE6D00E864E6 /* MADECoachellaBold.otf in Resources */ = {isa = PBXBuildFile; fileRef = 75994C162820CE6D00E864E6 /* MADECoachellaBold.otf */; };
		75994C202820CE6D00E864E6 /* MADECoachellaBold.otf in Resources */ = {isa = PBXBuildFile; fileRef = 75994C162820CE6D00E864E6 /* MADECoachellaBold.otf */; };
		75994C212820CE6D00E864E6 /* MADECoachellaThin.otf in Resources */ = {isa = PBXBuildFile; fileRef = 75994C172820CE6D00E864E6 /* MADECoachellaThin.otf */; };
		75994C222820CE6D00E864E6 /* MADECoachellaThin.otf in Resources */ = {isa = PBXBuildFile; fileRef = 75994C172820CE6D00E864E6 /* MADECoachellaThin.otf */; };
		75994C232820CE6D00E864E6 /* MADECoachellaThin.otf in Resources */ = {isa = PBXBuildFile; fileRef = 75994C172820CE6D00E864E6 /* MADECoachellaThin.otf */; };
		75994C242820CE6D00E864E6 /* MADECoachellaRegular.otf in Resources */ = {isa = PBXBuildFile; fileRef = 75994C182820CE6D00E864E6 /* MADECoachellaRegular.otf */; };
		75994C252820CE6D00E864E6 /* MADECoachellaRegular.otf in Resources */ = {isa = PBXBuildFile; fileRef = 75994C182820CE6D00E864E6 /* MADECoachellaRegular.otf */; };
		75994C262820CE6D00E864E6 /* MADECoachellaRegular.otf in Resources */ = {isa = PBXBuildFile; fileRef = 75994C182820CE6D00E864E6 /* MADECoachellaRegular.otf */; };
		75994C272820CE6D00E864E6 /* MADECoachellaMedium.otf in Resources */ = {isa = PBXBuildFile; fileRef = 75994C192820CE6D00E864E6 /* MADECoachellaMedium.otf */; };
		75994C282820CE6D00E864E6 /* MADECoachellaMedium.otf in Resources */ = {isa = PBXBuildFile; fileRef = 75994C192820CE6D00E864E6 /* MADECoachellaMedium.otf */; };
		75994C292820CE6D00E864E6 /* MADECoachellaMedium.otf in Resources */ = {isa = PBXBuildFile; fileRef = 75994C192820CE6D00E864E6 /* MADECoachellaMedium.otf */; };
		75994C2A2820CE6D00E864E6 /* MADECoachellaBlack.otf in Resources */ = {isa = PBXBuildFile; fileRef = 75994C1A2820CE6D00E864E6 /* MADECoachellaBlack.otf */; };
		75994C2B2820CE6D00E864E6 /* MADECoachellaBlack.otf in Resources */ = {isa = PBXBuildFile; fileRef = 75994C1A2820CE6D00E864E6 /* MADECoachellaBlack.otf */; };
		75994C2C2820CE6D00E864E6 /* MADECoachellaBlack.otf in Resources */ = {isa = PBXBuildFile; fileRef = 75994C1A2820CE6D00E864E6 /* MADECoachellaBlack.otf */; };
		75994C332821228400E864E6 /* CardView.swift in Sources */ = {isa = PBXBuildFile; fileRef = 75994C322821228400E864E6 /* CardView.swift */; };
		75994C342821228400E864E6 /* CardView.swift in Sources */ = {isa = PBXBuildFile; fileRef = 75994C322821228400E864E6 /* CardView.swift */; };
		75994C352821228400E864E6 /* CardView.swift in Sources */ = {isa = PBXBuildFile; fileRef = 75994C322821228400E864E6 /* CardView.swift */; };
		75994C3728221F0200E864E6 /* HomeView.swift in Sources */ = {isa = PBXBuildFile; fileRef = 75994C3628221F0200E864E6 /* HomeView.swift */; };
		75994C3828221F0200E864E6 /* HomeView.swift in Sources */ = {isa = PBXBuildFile; fileRef = 75994C3628221F0200E864E6 /* HomeView.swift */; };
		75994C3928221F0200E864E6 /* HomeView.swift in Sources */ = {isa = PBXBuildFile; fileRef = 75994C3628221F0200E864E6 /* HomeView.swift */; };
		75994C3F2822211D00E864E6 /* BottomSheetView.swift in Sources */ = {isa = PBXBuildFile; fileRef = 75994C3E2822211D00E864E6 /* BottomSheetView.swift */; };
		75994C402822211D00E864E6 /* BottomSheetView.swift in Sources */ = {isa = PBXBuildFile; fileRef = 75994C3E2822211D00E864E6 /* BottomSheetView.swift */; };
		75994C412822211D00E864E6 /* BottomSheetView.swift in Sources */ = {isa = PBXBuildFile; fileRef = 75994C3E2822211D00E864E6 /* BottomSheetView.swift */; };
		75994C432822263E00E864E6 /* BottomSheetContentView.swift in Sources */ = {isa = PBXBuildFile; fileRef = 75994C422822263E00E864E6 /* BottomSheetContentView.swift */; };
		75994C442822263E00E864E6 /* BottomSheetContentView.swift in Sources */ = {isa = PBXBuildFile; fileRef = 75994C422822263E00E864E6 /* BottomSheetContentView.swift */; };
		75994C452822263E00E864E6 /* BottomSheetContentView.swift in Sources */ = {isa = PBXBuildFile; fileRef = 75994C422822263E00E864E6 /* BottomSheetContentView.swift */; };
		75994C472822297E00E864E6 /* TransactionRow.swift in Sources */ = {isa = PBXBuildFile; fileRef = 75994C462822297E00E864E6 /* TransactionRow.swift */; };
		75994C482822297F00E864E6 /* TransactionRow.swift in Sources */ = {isa = PBXBuildFile; fileRef = 75994C462822297E00E864E6 /* TransactionRow.swift */; };
		75994C492822297F00E864E6 /* TransactionRow.swift in Sources */ = {isa = PBXBuildFile; fileRef = 75994C462822297E00E864E6 /* TransactionRow.swift */; };
/* End PBXBuildFile section */

/* Begin PBXContainerItemProxy section */
		75994BCF281BABD500E864E6 /* PBXContainerItemProxy */ = {
			isa = PBXContainerItemProxy;
			containerPortal = 75994BB6281BABD400E864E6 /* Project object */;
			proxyType = 1;
			remoteGlobalIDString = 75994BBD281BABD400E864E6;
			remoteInfo = WinePlus;
		};
		75994BD9281BABD500E864E6 /* PBXContainerItemProxy */ = {
			isa = PBXContainerItemProxy;
			containerPortal = 75994BB6281BABD400E864E6 /* Project object */;
			proxyType = 1;
			remoteGlobalIDString = 75994BBD281BABD400E864E6;
			remoteInfo = WinePlus;
		};
/* End PBXContainerItemProxy section */

/* Begin PBXFileReference section */
		7549F77C282242FA009E51CB /* Color.swift */ = {isa = PBXFileReference; lastKnownFileType = sourcecode.swift; path = Color.swift; sourceTree = "<group>"; };
		756FE705282441C100F04C80 /* ModalTab.swift */ = {isa = PBXFileReference; lastKnownFileType = sourcecode.swift; path = ModalTab.swift; sourceTree = "<group>"; };
		756FE70C2824974A00F04C80 /* wineMarket.json */ = {isa = PBXFileReference; fileEncoding = 4; lastKnownFileType = text.json; path = wineMarket.json; sourceTree = "<group>"; };
		756FE70E2824978D00F04C80 /* Wines.swift */ = {isa = PBXFileReference; lastKnownFileType = sourcecode.swift; path = Wines.swift; sourceTree = "<group>"; };
		756FE71028249ADB00F04C80 /* ModelData.swift */ = {isa = PBXFileReference; lastKnownFileType = sourcecode.swift; path = ModelData.swift; sourceTree = "<group>"; };
		75994BBE281BABD400E864E6 /* WinePlus.app */ = {isa = PBXFileReference; explicitFileType = wrapper.application; includeInIndex = 0; path = WinePlus.app; sourceTree = BUILT_PRODUCTS_DIR; };
		75994BC1281BABD400E864E6 /* WinePlusApp.swift */ = {isa = PBXFileReference; lastKnownFileType = sourcecode.swift; path = WinePlusApp.swift; sourceTree = "<group>"; };
		75994BC3281BABD400E864E6 /* ContentView.swift */ = {isa = PBXFileReference; lastKnownFileType = sourcecode.swift; path = ContentView.swift; sourceTree = "<group>"; };
		75994BC5281BABD500E864E6 /* Assets.xcassets */ = {isa = PBXFileReference; lastKnownFileType = folder.assetcatalog; path = Assets.xcassets; sourceTree = "<group>"; };
		75994BC8281BABD500E864E6 /* Preview Assets.xcassets */ = {isa = PBXFileReference; lastKnownFileType = folder.assetcatalog; path = "Preview Assets.xcassets"; sourceTree = "<group>"; };
		75994BCE281BABD500E864E6 /* WinePlusTests.xctest */ = {isa = PBXFileReference; explicitFileType = wrapper.cfbundle; includeInIndex = 0; path = WinePlusTests.xctest; sourceTree = BUILT_PRODUCTS_DIR; };
		75994BD2281BABD500E864E6 /* WinePlusTests.swift */ = {isa = PBXFileReference; lastKnownFileType = sourcecode.swift; path = WinePlusTests.swift; sourceTree = "<group>"; };
		75994BD8281BABD500E864E6 /* WinePlusUITests.xctest */ = {isa = PBXFileReference; explicitFileType = wrapper.cfbundle; includeInIndex = 0; path = WinePlusUITests.xctest; sourceTree = BUILT_PRODUCTS_DIR; };
		75994BDC281BABD500E864E6 /* WinePlusUITests.swift */ = {isa = PBXFileReference; lastKnownFileType = sourcecode.swift; path = WinePlusUITests.swift; sourceTree = "<group>"; };
		75994BDE281BABD500E864E6 /* WinePlusUITestsLaunchTests.swift */ = {isa = PBXFileReference; lastKnownFileType = sourcecode.swift; path = WinePlusUITestsLaunchTests.swift; sourceTree = "<group>"; };
		75994BED281FA61100E864E6 /* Colors.xcassets */ = {isa = PBXFileReference; lastKnownFileType = folder.assetcatalog; path = Colors.xcassets; sourceTree = "<group>"; };
		75994C0C281FB06600E864E6 /* Info.plist */ = {isa = PBXFileReference; lastKnownFileType = text.plist; path = Info.plist; sourceTree = "<group>"; };
		75994C0D281FB91F00E864E6 /* CaramelandVanilla.ttf */ = {isa = PBXFileReference; lastKnownFileType = file; path = CaramelandVanilla.ttf; sourceTree = "<group>"; };
		75994C11281FCB4B00E864E6 /* MainAssets.swift */ = {isa = PBXFileReference; lastKnownFileType = sourcecode.swift; path = MainAssets.swift; sourceTree = "<group>"; };
		75994C152820CE6C00E864E6 /* MADECoachellaLight.otf */ = {isa = PBXFileReference; lastKnownFileType = file; path = MADECoachellaLight.otf; sourceTree = "<group>"; };
		75994C162820CE6D00E864E6 /* MADECoachellaBold.otf */ = {isa = PBXFileReference; lastKnownFileType = file; path = MADECoachellaBold.otf; sourceTree = "<group>"; };
		75994C172820CE6D00E864E6 /* MADECoachellaThin.otf */ = {isa = PBXFileReference; lastKnownFileType = file; path = MADECoachellaThin.otf; sourceTree = "<group>"; };
		75994C182820CE6D00E864E6 /* MADECoachellaRegular.otf */ = {isa = PBXFileReference; lastKnownFileType = file; path = MADECoachellaRegular.otf; sourceTree = "<group>"; };
		75994C192820CE6D00E864E6 /* MADECoachellaMedium.otf */ = {isa = PBXFileReference; lastKnownFileType = file; path = MADECoachellaMedium.otf; sourceTree = "<group>"; };
		75994C1A2820CE6D00E864E6 /* MADECoachellaBlack.otf */ = {isa = PBXFileReference; lastKnownFileType = file; path = MADECoachellaBlack.otf; sourceTree = "<group>"; };
		75994C322821228400E864E6 /* CardView.swift */ = {isa = PBXFileReference; lastKnownFileType = sourcecode.swift; path = CardView.swift; sourceTree = "<group>"; };
		75994C3628221F0200E864E6 /* HomeView.swift */ = {isa = PBXFileReference; lastKnownFileType = sourcecode.swift; path = HomeView.swift; sourceTree = "<group>"; };
		75994C3E2822211D00E864E6 /* BottomSheetView.swift */ = {isa = PBXFileReference; lastKnownFileType = sourcecode.swift; path = BottomSheetView.swift; sourceTree = "<group>"; };
		75994C422822263E00E864E6 /* BottomSheetContentView.swift */ = {isa = PBXFileReference; lastKnownFileType = sourcecode.swift; path = BottomSheetContentView.swift; sourceTree = "<group>"; };
		75994C462822297E00E864E6 /* TransactionRow.swift */ = {isa = PBXFileReference; lastKnownFileType = sourcecode.swift; path = TransactionRow.swift; sourceTree = "<group>"; };
/* End PBXFileReference section */

/* Begin PBXFrameworksBuildPhase section */
		75994BBB281BABD400E864E6 /* Frameworks */ = {
			isa = PBXFrameworksBuildPhase;
			buildActionMask = 2147483647;
			files = (
			);
			runOnlyForDeploymentPostprocessing = 0;
		};
		75994BCB281BABD500E864E6 /* Frameworks */ = {
			isa = PBXFrameworksBuildPhase;
			buildActionMask = 2147483647;
			files = (
			);
			runOnlyForDeploymentPostprocessing = 0;
		};
		75994BD5281BABD500E864E6 /* Frameworks */ = {
			isa = PBXFrameworksBuildPhase;
			buildActionMask = 2147483647;
			files = (
			);
			runOnlyForDeploymentPostprocessing = 0;
		};
/* End PBXFrameworksBuildPhase section */

/* Begin PBXGroup section */
		756FE709282496EA00F04C80 /* Resources */ = {
			isa = PBXGroup;
			children = (
				756FE70C2824974A00F04C80 /* wineMarket.json */,
			);
			path = Resources;
			sourceTree = "<group>";
		};
		756FE70A282496FC00F04C80 /* Model */ = {
			isa = PBXGroup;
			children = (
				756FE70E2824978D00F04C80 /* Wines.swift */,
				756FE71028249ADB00F04C80 /* ModelData.swift */,
			);
			path = Model;
			sourceTree = "<group>";
		};
		756FE70B2824970600F04C80 /* View */ = {
			isa = PBXGroup;
			children = (
				75994BC3281BABD400E864E6 /* ContentView.swift */,
				75994C3628221F0200E864E6 /* HomeView.swift */,
				75994C312821225900E864E6 /* BottomSheet */,
			);
			path = View;
			sourceTree = "<group>";
		};
		75994BB5281BABD400E864E6 = {
			isa = PBXGroup;
			children = (
				75994BEF281FAEF200E864E6 /* fonts */,
				75994BC0281BABD400E864E6 /* WinePlus */,
				75994BD1281BABD500E864E6 /* WinePlusTests */,
				75994BDB281BABD500E864E6 /* WinePlusUITests */,
				75994BBF281BABD400E864E6 /* Products */,
			);
			sourceTree = "<group>";
		};
		75994BBF281BABD400E864E6 /* Products */ = {
			isa = PBXGroup;
			children = (
				75994BBE281BABD400E864E6 /* WinePlus.app */,
				75994BCE281BABD500E864E6 /* WinePlusTests.xctest */,
				75994BD8281BABD500E864E6 /* WinePlusUITests.xctest */,
			);
			name = Products;
			sourceTree = "<group>";
		};
		75994BC0281BABD400E864E6 /* WinePlus */ = {
			isa = PBXGroup;
			children = (
				756FE70B2824970600F04C80 /* View */,
				756FE70A282496FC00F04C80 /* Model */,
				756FE709282496EA00F04C80 /* Resources */,
				75994C0C281FB06600E864E6 /* Info.plist */,
				75994BC1281BABD400E864E6 /* WinePlusApp.swift */,
				75994C11281FCB4B00E864E6 /* MainAssets.swift */,
				75994BC5281BABD500E864E6 /* Assets.xcassets */,
				7549F77C282242FA009E51CB /* Color.swift */,
				75994BED281FA61100E864E6 /* Colors.xcassets */,
				75994BC7281BABD500E864E6 /* Preview Content */,
			);
			path = WinePlus;
			sourceTree = "<group>";
		};
		75994BC7281BABD500E864E6 /* Preview Content */ = {
			isa = PBXGroup;
			children = (
				75994BC8281BABD500E864E6 /* Preview Assets.xcassets */,
			);
			path = "Preview Content";
			sourceTree = "<group>";
		};
		75994BD1281BABD500E864E6 /* WinePlusTests */ = {
			isa = PBXGroup;
			children = (
				75994BD2281BABD500E864E6 /* WinePlusTests.swift */,
			);
			path = WinePlusTests;
			sourceTree = "<group>";
		};
		75994BDB281BABD500E864E6 /* WinePlusUITests */ = {
			isa = PBXGroup;
			children = (
				75994BDC281BABD500E864E6 /* WinePlusUITests.swift */,
				75994BDE281BABD500E864E6 /* WinePlusUITestsLaunchTests.swift */,
			);
			path = WinePlusUITests;
			sourceTree = "<group>";
		};
		75994BEF281FAEF200E864E6 /* fonts */ = {
			isa = PBXGroup;
			children = (
				75994C0D281FB91F00E864E6 /* CaramelandVanilla.ttf */,
				75994C1A2820CE6D00E864E6 /* MADECoachellaBlack.otf */,
				75994C162820CE6D00E864E6 /* MADECoachellaBold.otf */,
				75994C152820CE6C00E864E6 /* MADECoachellaLight.otf */,
				75994C192820CE6D00E864E6 /* MADECoachellaMedium.otf */,
				75994C182820CE6D00E864E6 /* MADECoachellaRegular.otf */,
				75994C172820CE6D00E864E6 /* MADECoachellaThin.otf */,
			);
			path = fonts;
			sourceTree = "<group>";
		};
		75994C312821225900E864E6 /* BottomSheet */ = {
			isa = PBXGroup;
			children = (
				75994C322821228400E864E6 /* CardView.swift */,
				75994C3E2822211D00E864E6 /* BottomSheetView.swift */,
				75994C422822263E00E864E6 /* BottomSheetContentView.swift */,
				75994C462822297E00E864E6 /* TransactionRow.swift */,
				756FE705282441C100F04C80 /* ModalTab.swift */,
			);
			path = BottomSheet;
			sourceTree = "<group>";
		};
/* End PBXGroup section */

/* Begin PBXNativeTarget section */
		75994BBD281BABD400E864E6 /* WinePlus */ = {
			isa = PBXNativeTarget;
			buildConfigurationList = 75994BE2281BABD500E864E6 /* Build configuration list for PBXNativeTarget "WinePlus" */;
			buildPhases = (
				75994BBA281BABD400E864E6 /* Sources */,
				75994BBB281BABD400E864E6 /* Frameworks */,
				75994BBC281BABD400E864E6 /* Resources */,
			);
			buildRules = (
			);
			dependencies = (
			);
			name = WinePlus;
			productName = WinePlus;
			productReference = 75994BBE281BABD400E864E6 /* WinePlus.app */;
			productType = "com.apple.product-type.application";
		};
		75994BCD281BABD500E864E6 /* WinePlusTests */ = {
			isa = PBXNativeTarget;
			buildConfigurationList = 75994BE5281BABD500E864E6 /* Build configuration list for PBXNativeTarget "WinePlusTests" */;
			buildPhases = (
				75994BCA281BABD500E864E6 /* Sources */,
				75994BCB281BABD500E864E6 /* Frameworks */,
				75994BCC281BABD500E864E6 /* Resources */,
			);
			buildRules = (
			);
			dependencies = (
				75994BD0281BABD500E864E6 /* PBXTargetDependency */,
			);
			name = WinePlusTests;
			productName = WinePlusTests;
			productReference = 75994BCE281BABD500E864E6 /* WinePlusTests.xctest */;
			productType = "com.apple.product-type.bundle.unit-test";
		};
		75994BD7281BABD500E864E6 /* WinePlusUITests */ = {
			isa = PBXNativeTarget;
			buildConfigurationList = 75994BE8281BABD500E864E6 /* Build configuration list for PBXNativeTarget "WinePlusUITests" */;
			buildPhases = (
				75994BD4281BABD500E864E6 /* Sources */,
				75994BD5281BABD500E864E6 /* Frameworks */,
				75994BD6281BABD500E864E6 /* Resources */,
			);
			buildRules = (
			);
			dependencies = (
				75994BDA281BABD500E864E6 /* PBXTargetDependency */,
			);
			name = WinePlusUITests;
			productName = WinePlusUITests;
			productReference = 75994BD8281BABD500E864E6 /* WinePlusUITests.xctest */;
			productType = "com.apple.product-type.bundle.ui-testing";
		};
/* End PBXNativeTarget section */

/* Begin PBXProject section */
		75994BB6281BABD400E864E6 /* Project object */ = {
			isa = PBXProject;
			attributes = {
				BuildIndependentTargetsInParallel = 1;
				LastSwiftUpdateCheck = 1330;
				LastUpgradeCheck = 1330;
				TargetAttributes = {
					75994BBD281BABD400E864E6 = {
						CreatedOnToolsVersion = 13.3.1;
					};
					75994BCD281BABD500E864E6 = {
						CreatedOnToolsVersion = 13.3.1;
						TestTargetID = 75994BBD281BABD400E864E6;
					};
					75994BD7281BABD500E864E6 = {
						CreatedOnToolsVersion = 13.3.1;
						TestTargetID = 75994BBD281BABD400E864E6;
					};
				};
			};
			buildConfigurationList = 75994BB9281BABD400E864E6 /* Build configuration list for PBXProject "WinePlus" */;
			compatibilityVersion = "Xcode 13.0";
			developmentRegion = en;
			hasScannedForEncodings = 0;
			knownRegions = (
				en,
				Base,
			);
			mainGroup = 75994BB5281BABD400E864E6;
			productRefGroup = 75994BBF281BABD400E864E6 /* Products */;
			projectDirPath = "";
			projectRoot = "";
			targets = (
				75994BBD281BABD400E864E6 /* WinePlus */,
				75994BCD281BABD500E864E6 /* WinePlusTests */,
				75994BD7281BABD500E864E6 /* WinePlusUITests */,
			);
		};
/* End PBXProject section */

/* Begin PBXResourcesBuildPhase section */
		75994BBC281BABD400E864E6 /* Resources */ = {
			isa = PBXResourcesBuildPhase;
			buildActionMask = 2147483647;
			files = (
				75994BEE281FA61100E864E6 /* Colors.xcassets in Resources */,
				756FE70D2824974A00F04C80 /* wineMarket.json in Resources */,
				75994BC9281BABD500E864E6 /* Preview Assets.xcassets in Resources */,
				75994C1E2820CE6D00E864E6 /* MADECoachellaBold.otf in Resources */,
				75994C1B2820CE6D00E864E6 /* MADECoachellaLight.otf in Resources */,
				75994C242820CE6D00E864E6 /* MADECoachellaRegular.otf in Resources */,
				75994BC6281BABD500E864E6 /* Assets.xcassets in Resources */,
				75994C0E281FB92000E864E6 /* CaramelandVanilla.ttf in Resources */,
				75994C272820CE6D00E864E6 /* MADECoachellaMedium.otf in Resources */,
				75994C212820CE6D00E864E6 /* MADECoachellaThin.otf in Resources */,
				75994C2A2820CE6D00E864E6 /* MADECoachellaBlack.otf in Resources */,
			);
			runOnlyForDeploymentPostprocessing = 0;
		};
		75994BCC281BABD500E864E6 /* Resources */ = {
			isa = PBXResourcesBuildPhase;
			buildActionMask = 2147483647;
			files = (
				75994C1C2820CE6D00E864E6 /* MADECoachellaLight.otf in Resources */,
				75994C252820CE6D00E864E6 /* MADECoachellaRegular.otf in Resources */,
				75994C0F281FB92000E864E6 /* CaramelandVanilla.ttf in Resources */,
				75994C222820CE6D00E864E6 /* MADECoachellaThin.otf in Resources */,
				75994C282820CE6D00E864E6 /* MADECoachellaMedium.otf in Resources */,
				75994C1F2820CE6D00E864E6 /* MADECoachellaBold.otf in Resources */,
				75994C2B2820CE6D00E864E6 /* MADECoachellaBlack.otf in Resources */,
			);
			runOnlyForDeploymentPostprocessing = 0;
		};
		75994BD6281BABD500E864E6 /* Resources */ = {
			isa = PBXResourcesBuildPhase;
			buildActionMask = 2147483647;
			files = (
				75994C1D2820CE6D00E864E6 /* MADECoachellaLight.otf in Resources */,
				75994C262820CE6D00E864E6 /* MADECoachellaRegular.otf in Resources */,
				75994C10281FB92000E864E6 /* CaramelandVanilla.ttf in Resources */,
				75994C232820CE6D00E864E6 /* MADECoachellaThin.otf in Resources */,
				75994C292820CE6D00E864E6 /* MADECoachellaMedium.otf in Resources */,
				75994C202820CE6D00E864E6 /* MADECoachellaBold.otf in Resources */,
				75994C2C2820CE6D00E864E6 /* MADECoachellaBlack.otf in Resources */,
			);
			runOnlyForDeploymentPostprocessing = 0;
		};
/* End PBXResourcesBuildPhase section */

/* Begin PBXSourcesBuildPhase section */
		75994BBA281BABD400E864E6 /* Sources */ = {
			isa = PBXSourcesBuildPhase;
			buildActionMask = 2147483647;
			files = (
				75994C472822297E00E864E6 /* TransactionRow.swift in Sources */,
				75994BC4281BABD400E864E6 /* ContentView.swift in Sources */,
				75994C12281FCB4B00E864E6 /* MainAssets.swift in Sources */,
				756FE71128249ADB00F04C80 /* ModelData.swift in Sources */,
				756FE70F2824978D00F04C80 /* Wines.swift in Sources */,
				7549F77D282242FA009E51CB /* Color.swift in Sources */,
				75994C432822263E00E864E6 /* BottomSheetContentView.swift in Sources */,
				75994C332821228400E864E6 /* CardView.swift in Sources */,
				75994C3F2822211D00E864E6 /* BottomSheetView.swift in Sources */,
				75994C3728221F0200E864E6 /* HomeView.swift in Sources */,
				75994BC2281BABD400E864E6 /* WinePlusApp.swift in Sources */,
				756FE706282441C100F04C80 /* ModalTab.swift in Sources */,
			);
			runOnlyForDeploymentPostprocessing = 0;
		};
		75994BCA281BABD500E864E6 /* Sources */ = {
			isa = PBXSourcesBuildPhase;
			buildActionMask = 2147483647;
			files = (
				75994BD3281BABD500E864E6 /* WinePlusTests.swift in Sources */,
				75994C3828221F0200E864E6 /* HomeView.swift in Sources */,
				75994C342821228400E864E6 /* CardView.swift in Sources */,
				75994C13281FCB4B00E864E6 /* MainAssets.swift in Sources */,
				75994C482822297F00E864E6 /* TransactionRow.swift in Sources */,
				75994C442822263E00E864E6 /* BottomSheetContentView.swift in Sources */,
				75994C402822211D00E864E6 /* BottomSheetView.swift in Sources */,
			);
			runOnlyForDeploymentPostprocessing = 0;
		};
		75994BD4281BABD500E864E6 /* Sources */ = {
			isa = PBXSourcesBuildPhase;
			buildActionMask = 2147483647;
			files = (
				75994C492822297F00E864E6 /* TransactionRow.swift in Sources */,
				75994BDF281BABD500E864E6 /* WinePlusUITestsLaunchTests.swift in Sources */,
				75994C14281FCB4B00E864E6 /* MainAssets.swift in Sources */,
				75994C452822263E00E864E6 /* BottomSheetContentView.swift in Sources */,
				75994C352821228400E864E6 /* CardView.swift in Sources */,
				75994C412822211D00E864E6 /* BottomSheetView.swift in Sources */,
				75994C3928221F0200E864E6 /* HomeView.swift in Sources */,
				75994BDD281BABD500E864E6 /* WinePlusUITests.swift in Sources */,
			);
			runOnlyForDeploymentPostprocessing = 0;
		};
/* End PBXSourcesBuildPhase section */

/* Begin PBXTargetDependency section */
		75994BD0281BABD500E864E6 /* PBXTargetDependency */ = {
			isa = PBXTargetDependency;
			target = 75994BBD281BABD400E864E6 /* WinePlus */;
			targetProxy = 75994BCF281BABD500E864E6 /* PBXContainerItemProxy */;
		};
		75994BDA281BABD500E864E6 /* PBXTargetDependency */ = {
			isa = PBXTargetDependency;
			target = 75994BBD281BABD400E864E6 /* WinePlus */;
			targetProxy = 75994BD9281BABD500E864E6 /* PBXContainerItemProxy */;
		};
/* End PBXTargetDependency section */

/* Begin XCBuildConfiguration section */
		75994BE0281BABD500E864E6 /* Debug */ = {
			isa = XCBuildConfiguration;
			buildSettings = {
				ALWAYS_SEARCH_USER_PATHS = NO;
				CLANG_ANALYZER_NONNULL = YES;
				CLANG_ANALYZER_NUMBER_OBJECT_CONVERSION = YES_AGGRESSIVE;
				CLANG_CXX_LANGUAGE_STANDARD = "gnu++17";
				CLANG_ENABLE_MODULES = YES;
				CLANG_ENABLE_OBJC_ARC = YES;
				CLANG_ENABLE_OBJC_WEAK = YES;
				CLANG_WARN_BLOCK_CAPTURE_AUTORELEASING = YES;
				CLANG_WARN_BOOL_CONVERSION = YES;
				CLANG_WARN_COMMA = YES;
				CLANG_WARN_CONSTANT_CONVERSION = YES;
				CLANG_WARN_DEPRECATED_OBJC_IMPLEMENTATIONS = YES;
				CLANG_WARN_DIRECT_OBJC_ISA_USAGE = YES_ERROR;
				CLANG_WARN_DOCUMENTATION_COMMENTS = YES;
				CLANG_WARN_EMPTY_BODY = YES;
				CLANG_WARN_ENUM_CONVERSION = YES;
				CLANG_WARN_INFINITE_RECURSION = YES;
				CLANG_WARN_INT_CONVERSION = YES;
				CLANG_WARN_NON_LITERAL_NULL_CONVERSION = YES;
				CLANG_WARN_OBJC_IMPLICIT_RETAIN_SELF = YES;
				CLANG_WARN_OBJC_LITERAL_CONVERSION = YES;
				CLANG_WARN_OBJC_ROOT_CLASS = YES_ERROR;
				CLANG_WARN_QUOTED_INCLUDE_IN_FRAMEWORK_HEADER = YES;
				CLANG_WARN_RANGE_LOOP_ANALYSIS = YES;
				CLANG_WARN_STRICT_PROTOTYPES = YES;
				CLANG_WARN_SUSPICIOUS_MOVE = YES;
				CLANG_WARN_UNGUARDED_AVAILABILITY = YES_AGGRESSIVE;
				CLANG_WARN_UNREACHABLE_CODE = YES;
				CLANG_WARN__DUPLICATE_METHOD_MATCH = YES;
				COPY_PHASE_STRIP = NO;
				DEBUG_INFORMATION_FORMAT = dwarf;
				ENABLE_STRICT_OBJC_MSGSEND = YES;
				ENABLE_TESTABILITY = YES;
				GCC_C_LANGUAGE_STANDARD = gnu11;
				GCC_DYNAMIC_NO_PIC = NO;
				GCC_NO_COMMON_BLOCKS = YES;
				GCC_OPTIMIZATION_LEVEL = 0;
				GCC_PREPROCESSOR_DEFINITIONS = (
					"DEBUG=1",
					"$(inherited)",
				);
				GCC_WARN_64_TO_32_BIT_CONVERSION = YES;
				GCC_WARN_ABOUT_RETURN_TYPE = YES_ERROR;
				GCC_WARN_UNDECLARED_SELECTOR = YES;
				GCC_WARN_UNINITIALIZED_AUTOS = YES_AGGRESSIVE;
				GCC_WARN_UNUSED_FUNCTION = YES;
				GCC_WARN_UNUSED_VARIABLE = YES;
				IPHONEOS_DEPLOYMENT_TARGET = 15.4;
				MTL_ENABLE_DEBUG_INFO = INCLUDE_SOURCE;
				MTL_FAST_MATH = YES;
				ONLY_ACTIVE_ARCH = YES;
				SDKROOT = iphoneos;
				SWIFT_ACTIVE_COMPILATION_CONDITIONS = DEBUG;
				SWIFT_OPTIMIZATION_LEVEL = "-Onone";
			};
			name = Debug;
		};
		75994BE1281BABD500E864E6 /* Release */ = {
			isa = XCBuildConfiguration;
			buildSettings = {
				ALWAYS_SEARCH_USER_PATHS = NO;
				CLANG_ANALYZER_NONNULL = YES;
				CLANG_ANALYZER_NUMBER_OBJECT_CONVERSION = YES_AGGRESSIVE;
				CLANG_CXX_LANGUAGE_STANDARD = "gnu++17";
				CLANG_ENABLE_MODULES = YES;
				CLANG_ENABLE_OBJC_ARC = YES;
				CLANG_ENABLE_OBJC_WEAK = YES;
				CLANG_WARN_BLOCK_CAPTURE_AUTORELEASING = YES;
				CLANG_WARN_BOOL_CONVERSION = YES;
				CLANG_WARN_COMMA = YES;
				CLANG_WARN_CONSTANT_CONVERSION = YES;
				CLANG_WARN_DEPRECATED_OBJC_IMPLEMENTATIONS = YES;
				CLANG_WARN_DIRECT_OBJC_ISA_USAGE = YES_ERROR;
				CLANG_WARN_DOCUMENTATION_COMMENTS = YES;
				CLANG_WARN_EMPTY_BODY = YES;
				CLANG_WARN_ENUM_CONVERSION = YES;
				CLANG_WARN_INFINITE_RECURSION = YES;
				CLANG_WARN_INT_CONVERSION = YES;
				CLANG_WARN_NON_LITERAL_NULL_CONVERSION = YES;
				CLANG_WARN_OBJC_IMPLICIT_RETAIN_SELF = YES;
				CLANG_WARN_OBJC_LITERAL_CONVERSION = YES;
				CLANG_WARN_OBJC_ROOT_CLASS = YES_ERROR;
				CLANG_WARN_QUOTED_INCLUDE_IN_FRAMEWORK_HEADER = YES;
				CLANG_WARN_RANGE_LOOP_ANALYSIS = YES;
				CLANG_WARN_STRICT_PROTOTYPES = YES;
				CLANG_WARN_SUSPICIOUS_MOVE = YES;
				CLANG_WARN_UNGUARDED_AVAILABILITY = YES_AGGRESSIVE;
				CLANG_WARN_UNREACHABLE_CODE = YES;
				CLANG_WARN__DUPLICATE_METHOD_MATCH = YES;
				COPY_PHASE_STRIP = NO;
				DEBUG_INFORMATION_FORMAT = "dwarf-with-dsym";
				ENABLE_NS_ASSERTIONS = NO;
				ENABLE_STRICT_OBJC_MSGSEND = YES;
				GCC_C_LANGUAGE_STANDARD = gnu11;
				GCC_NO_COMMON_BLOCKS = YES;
				GCC_WARN_64_TO_32_BIT_CONVERSION = YES;
				GCC_WARN_ABOUT_RETURN_TYPE = YES_ERROR;
				GCC_WARN_UNDECLARED_SELECTOR = YES;
				GCC_WARN_UNINITIALIZED_AUTOS = YES_AGGRESSIVE;
				GCC_WARN_UNUSED_FUNCTION = YES;
				GCC_WARN_UNUSED_VARIABLE = YES;
				IPHONEOS_DEPLOYMENT_TARGET = 15.4;
				MTL_ENABLE_DEBUG_INFO = NO;
				MTL_FAST_MATH = YES;
				SDKROOT = iphoneos;
				SWIFT_COMPILATION_MODE = wholemodule;
				SWIFT_OPTIMIZATION_LEVEL = "-O";
				VALIDATE_PRODUCT = YES;
			};
			name = Release;
		};
		75994BE3281BABD500E864E6 /* Debug */ = {
			isa = XCBuildConfiguration;
			buildSettings = {
				ASSETCATALOG_COMPILER_APPICON_NAME = AppIcon;
				ASSETCATALOG_COMPILER_GLOBAL_ACCENT_COLOR_NAME = AccentColor;
				CODE_SIGN_STYLE = Automatic;
				CURRENT_PROJECT_VERSION = 1;
				DEVELOPMENT_ASSET_PATHS = "\"WinePlus/Preview Content\"";
				DEVELOPMENT_TEAM = 5MNSFLP2V9;
				ENABLE_PREVIEWS = YES;
				GENERATE_INFOPLIST_FILE = YES;
				INFOPLIST_FILE = WinePlus/Info.plist;
				INFOPLIST_KEY_UIApplicationSceneManifest_Generation = YES;
				INFOPLIST_KEY_UIApplicationSupportsIndirectInputEvents = YES;
				INFOPLIST_KEY_UILaunchScreen_Generation = YES;
				INFOPLIST_KEY_UISupportedInterfaceOrientations_iPad = "UIInterfaceOrientationPortrait UIInterfaceOrientationPortraitUpsideDown UIInterfaceOrientationLandscapeLeft UIInterfaceOrientationLandscapeRight";
				INFOPLIST_KEY_UISupportedInterfaceOrientations_iPhone = "UIInterfaceOrientationPortrait UIInterfaceOrientationLandscapeLeft UIInterfaceOrientationLandscapeRight";
				LD_RUNPATH_SEARCH_PATHS = (
					"$(inherited)",
					"@executable_path/Frameworks",
				);
				MARKETING_VERSION = 1.0;
				PRODUCT_BUNDLE_IDENTIFIER = com.junghoon.WinePlus;
				PRODUCT_NAME = "$(TARGET_NAME)";
				SWIFT_EMIT_LOC_STRINGS = YES;
				SWIFT_VERSION = 5.0;
				TARGETED_DEVICE_FAMILY = "1,2";
			};
			name = Debug;
		};
		75994BE4281BABD500E864E6 /* Release */ = {
			isa = XCBuildConfiguration;
			buildSettings = {
				ASSETCATALOG_COMPILER_APPICON_NAME = AppIcon;
				ASSETCATALOG_COMPILER_GLOBAL_ACCENT_COLOR_NAME = AccentColor;
				CODE_SIGN_STYLE = Automatic;
				CURRENT_PROJECT_VERSION = 1;
				DEVELOPMENT_ASSET_PATHS = "\"WinePlus/Preview Content\"";
				DEVELOPMENT_TEAM = 5MNSFLP2V9;
				ENABLE_PREVIEWS = YES;
				GENERATE_INFOPLIST_FILE = YES;
				INFOPLIST_FILE = WinePlus/Info.plist;
				INFOPLIST_KEY_UIApplicationSceneManifest_Generation = YES;
				INFOPLIST_KEY_UIApplicationSupportsIndirectInputEvents = YES;
				INFOPLIST_KEY_UILaunchScreen_Generation = YES;
				INFOPLIST_KEY_UISupportedInterfaceOrientations_iPad = "UIInterfaceOrientationPortrait UIInterfaceOrientationPortraitUpsideDown UIInterfaceOrientationLandscapeLeft UIInterfaceOrientationLandscapeRight";
				INFOPLIST_KEY_UISupportedInterfaceOrientations_iPhone = "UIInterfaceOrientationPortrait UIInterfaceOrientationLandscapeLeft UIInterfaceOrientationLandscapeRight";
				LD_RUNPATH_SEARCH_PATHS = (
					"$(inherited)",
					"@executable_path/Frameworks",
				);
				MARKETING_VERSION = 1.0;
				PRODUCT_BUNDLE_IDENTIFIER = com.junghoon.WinePlus;
				PRODUCT_NAME = "$(TARGET_NAME)";
				SWIFT_EMIT_LOC_STRINGS = YES;
				SWIFT_VERSION = 5.0;
				TARGETED_DEVICE_FAMILY = "1,2";
			};
			name = Release;
		};
		75994BE6281BABD500E864E6 /* Debug */ = {
			isa = XCBuildConfiguration;
			buildSettings = {
				ALWAYS_EMBED_SWIFT_STANDARD_LIBRARIES = YES;
				BUNDLE_LOADER = "$(TEST_HOST)";
				CODE_SIGN_STYLE = Automatic;
				CURRENT_PROJECT_VERSION = 1;
				GENERATE_INFOPLIST_FILE = YES;
				IPHONEOS_DEPLOYMENT_TARGET = 15.4;
				MARKETING_VERSION = 1.0;
				PRODUCT_BUNDLE_IDENTIFIER = com.junghoon.WinePlusTests;
				PRODUCT_NAME = "$(TARGET_NAME)";
				SWIFT_EMIT_LOC_STRINGS = NO;
				SWIFT_VERSION = 5.0;
				TARGETED_DEVICE_FAMILY = "1,2";
				TEST_HOST = "$(BUILT_PRODUCTS_DIR)/WinePlus.app/WinePlus";
			};
			name = Debug;
		};
		75994BE7281BABD500E864E6 /* Release */ = {
			isa = XCBuildConfiguration;
			buildSettings = {
				ALWAYS_EMBED_SWIFT_STANDARD_LIBRARIES = YES;
				BUNDLE_LOADER = "$(TEST_HOST)";
				CODE_SIGN_STYLE = Automatic;
				CURRENT_PROJECT_VERSION = 1;
				GENERATE_INFOPLIST_FILE = YES;
				IPHONEOS_DEPLOYMENT_TARGET = 15.4;
				MARKETING_VERSION = 1.0;
				PRODUCT_BUNDLE_IDENTIFIER = com.junghoon.WinePlusTests;
				PRODUCT_NAME = "$(TARGET_NAME)";
				SWIFT_EMIT_LOC_STRINGS = NO;
				SWIFT_VERSION = 5.0;
				TARGETED_DEVICE_FAMILY = "1,2";
				TEST_HOST = "$(BUILT_PRODUCTS_DIR)/WinePlus.app/WinePlus";
			};
			name = Release;
		};
		75994BE9281BABD500E864E6 /* Debug */ = {
			isa = XCBuildConfiguration;
			buildSettings = {
				ALWAYS_EMBED_SWIFT_STANDARD_LIBRARIES = YES;
				CODE_SIGN_STYLE = Automatic;
				CURRENT_PROJECT_VERSION = 1;
				GENERATE_INFOPLIST_FILE = YES;
				MARKETING_VERSION = 1.0;
				PRODUCT_BUNDLE_IDENTIFIER = com.junghoon.WinePlusUITests;
				PRODUCT_NAME = "$(TARGET_NAME)";
				SWIFT_EMIT_LOC_STRINGS = NO;
				SWIFT_VERSION = 5.0;
				TARGETED_DEVICE_FAMILY = "1,2";
				TEST_TARGET_NAME = WinePlus;
			};
			name = Debug;
		};
		75994BEA281BABD500E864E6 /* Release */ = {
			isa = XCBuildConfiguration;
			buildSettings = {
				ALWAYS_EMBED_SWIFT_STANDARD_LIBRARIES = YES;
				CODE_SIGN_STYLE = Automatic;
				CURRENT_PROJECT_VERSION = 1;
				GENERATE_INFOPLIST_FILE = YES;
				MARKETING_VERSION = 1.0;
				PRODUCT_BUNDLE_IDENTIFIER = com.junghoon.WinePlusUITests;
				PRODUCT_NAME = "$(TARGET_NAME)";
				SWIFT_EMIT_LOC_STRINGS = NO;
				SWIFT_VERSION = 5.0;
				TARGETED_DEVICE_FAMILY = "1,2";
				TEST_TARGET_NAME = WinePlus;
			};
			name = Release;
		};
/* End XCBuildConfiguration section */

/* Begin XCConfigurationList section */
		75994BB9281BABD400E864E6 /* Build configuration list for PBXProject "WinePlus" */ = {
			isa = XCConfigurationList;
			buildConfigurations = (
				75994BE0281BABD500E864E6 /* Debug */,
				75994BE1281BABD500E864E6 /* Release */,
			);
			defaultConfigurationIsVisible = 0;
			defaultConfigurationName = Release;
		};
		75994BE2281BABD500E864E6 /* Build configuration list for PBXNativeTarget "WinePlus" */ = {
			isa = XCConfigurationList;
			buildConfigurations = (
				75994BE3281BABD500E864E6 /* Debug */,
				75994BE4281BABD500E864E6 /* Release */,
			);
			defaultConfigurationIsVisible = 0;
			defaultConfigurationName = Release;
		};
		75994BE5281BABD500E864E6 /* Build configuration list for PBXNativeTarget "WinePlusTests" */ = {
			isa = XCConfigurationList;
			buildConfigurations = (
				75994BE6281BABD500E864E6 /* Debug */,
				75994BE7281BABD500E864E6 /* Release */,
			);
			defaultConfigurationIsVisible = 0;
			defaultConfigurationName = Release;
		};
		75994BE8281BABD500E864E6 /* Build configuration list for PBXNativeTarget "WinePlusUITests" */ = {
			isa = XCConfigurationList;
			buildConfigurations = (
				75994BE9281BABD500E864E6 /* Debug */,
				75994BEA281BABD500E864E6 /* Release */,
			);
			defaultConfigurationIsVisible = 0;
			defaultConfigurationName = Release;
		};
/* End XCConfigurationList section */
	};
	rootObject = 75994BB6281BABD400E864E6 /* Project object */;
}
